
Microsoft Visual Studio Solution File, Format Version 12.00
# Visual Studio Version 16
VisualStudioVersion = 16.0.32106.194
MinimumVisualStudioVersion = 10.0.40219.1
Project("{FAE04EC0-301F-11D3-BF4B-00C04F79EFBC}") = "SinglyLinkedList", "LinkedList_CSharp\SinglyLinkedList.csproj", "{6C71C65D-403F-4719-8C21-1234403E2772}"
EndProject
Project("{FAE04EC0-301F-11D3-BF4B-00C04F79EFBC}") = "CircularLinkedList", "CircularLinkedList\CircularLinkedList.csproj", "{D9F70436-6926-47E6-B0A8-CAD2D9B7BCF5}"
EndProject
Project("{FAE04EC0-301F-11D3-BF4B-00C04F79EFBC}") = "DoublyCircularLinkedList", "DoublyLinkedList\DoublyCircularLinkedList.csproj", "{9D1CC5F2-3E4D-49B2-8128-CCAEE0EEFA03}"
EndProject
Project("{FAE04EC0-301F-11D3-BF4B-00C04F79EFBC}") = "Doubly_LinkedList", "Doubly_LinkedList\Doubly_LinkedList.csproj", "{DDA27B5A-E87E-4811-84CC-83AAFEBA70B0}"
EndProject
Project("{FAE04EC0-301F-11D3-BF4B-00C04F79EFBC}") = "LeetCode_DesignSinglyLinkedList", "LeetCode_DesignSinglyLinkedList\LeetCode_DesignSinglyLinkedList.csproj", "{92780E3E-741D-406A-B0DC-CF6C590F827A}"
EndProject
Project("{FAE04EC0-301F-11D3-BF4B-00C04F79EFBC}") = "FloydCycleDetectionInLinkedList", "FloydCycleDetectionInLinkedList\FloydCycleDetectionInLinkedList.csproj", "{FBD3F3E8-5869-4901-A6E0-CBF6B6A74716}"
EndProject
Project("{FAE04EC0-301F-11D3-BF4B-00C04F79EFBC}") = "ReturnNodeIfCyclePresent", "ReturnNodeIfCyclePresent\ReturnNodeIfCyclePresent.csproj", "{B23A310A-1A1F-4276-AAA1-979AC568DB71}"
EndProject
Project("{FAE04EC0-301F-11D3-BF4B-00C04F79EFBC}") = "CycleDetectionLinkedListUsingHashSet", "CycleDetectionLinkedListUsingHashSet\CycleDetectionLinkedListUsingHashSet.csproj", "{97D7A494-3057-4473-95E0-B2D7CA11CF62}"
EndProject
Project("{FAE04EC0-301F-11D3-BF4B-00C04F79EFBC}") = "IntersectionOfTwoLinkedList", "IntersectionOfTwoLinkedList\IntersectionOfTwoLinkedList.csproj", "{574E28EC-2883-4964-B385-505440C91468}"
EndProject
Project("{FAE04EC0-301F-11D3-BF4B-00C04F79EFBC}") = "RemoveNthNodeFromEndOfList", "RemoveNthNodeFromEndOfList\RemoveNthNodeFromEndOfList.csproj", "{CE716526-15E6-4A83-B8F6-92D861F34970}"
EndProject
Project("{FAE04EC0-301F-11D3-BF4B-00C04F79EFBC}") = "ReverseTheLinkedList", "ReverseTheLinkedList\ReverseTheLinkedList.csproj", "{BD24A604-CD29-4FA7-AAA0-117EB3E9DF6C}"
EndProject
Global
	GlobalSection(SolutionConfigurationPlatforms) = preSolution
		Debug|Any CPU = Debug|Any CPU
		Release|Any CPU = Release|Any CPU
	EndGlobalSection
	GlobalSection(ProjectConfigurationPlatforms) = postSolution
		{6C71C65D-403F-4719-8C21-1234403E2772}.Debug|Any CPU.ActiveCfg = Debug|Any CPU
		{6C71C65D-403F-4719-8C21-1234403E2772}.Debug|Any CPU.Build.0 = Debug|Any CPU
		{6C71C65D-403F-4719-8C21-1234403E2772}.Release|Any CPU.ActiveCfg = Release|Any CPU
		{6C71C65D-403F-4719-8C21-1234403E2772}.Release|Any CPU.Build.0 = Release|Any CPU
		{D9F70436-6926-47E6-B0A8-CAD2D9B7BCF5}.Debug|Any CPU.ActiveCfg = Debug|Any CPU
		{D9F70436-6926-47E6-B0A8-CAD2D9B7BCF5}.Debug|Any CPU.Build.0 = Debug|Any CPU
		{D9F70436-6926-47E6-B0A8-CAD2D9B7BCF5}.Release|Any CPU.ActiveCfg = Release|Any CPU
		{D9F70436-6926-47E6-B0A8-CAD2D9B7BCF5}.Release|Any CPU.Build.0 = Release|Any CPU
		{9D1CC5F2-3E4D-49B2-8128-CCAEE0EEFA03}.Debug|Any CPU.ActiveCfg = Debug|Any CPU
		{9D1CC5F2-3E4D-49B2-8128-CCAEE0EEFA03}.Debug|Any CPU.Build.0 = Debug|Any CPU
		{9D1CC5F2-3E4D-49B2-8128-CCAEE0EEFA03}.Release|Any CPU.ActiveCfg = Release|Any CPU
		{9D1CC5F2-3E4D-49B2-8128-CCAEE0EEFA03}.Release|Any CPU.Build.0 = Release|Any CPU
		{DDA27B5A-E87E-4811-84CC-83AAFEBA70B0}.Debug|Any CPU.ActiveCfg = Debug|Any CPU
		{DDA27B5A-E87E-4811-84CC-83AAFEBA70B0}.Debug|Any CPU.Build.0 = Debug|Any CPU
		{DDA27B5A-E87E-4811-84CC-83AAFEBA70B0}.Release|Any CPU.ActiveCfg = Release|Any CPU
		{DDA27B5A-E87E-4811-84CC-83AAFEBA70B0}.Release|Any CPU.Build.0 = Release|Any CPU
		{92780E3E-741D-406A-B0DC-CF6C590F827A}.Debug|Any CPU.ActiveCfg = Debug|Any CPU
		{92780E3E-741D-406A-B0DC-CF6C590F827A}.Debug|Any CPU.Build.0 = Debug|Any CPU
		{92780E3E-741D-406A-B0DC-CF6C590F827A}.Release|Any CPU.ActiveCfg = Release|Any CPU
		{92780E3E-741D-406A-B0DC-CF6C590F827A}.Release|Any CPU.Build.0 = Release|Any CPU
		{FBD3F3E8-5869-4901-A6E0-CBF6B6A74716}.Debug|Any CPU.ActiveCfg = Debug|Any CPU
		{FBD3F3E8-5869-4901-A6E0-CBF6B6A74716}.Debug|Any CPU.Build.0 = Debug|Any CPU
		{FBD3F3E8-5869-4901-A6E0-CBF6B6A74716}.Release|Any CPU.ActiveCfg = Release|Any CPU
		{FBD3F3E8-5869-4901-A6E0-CBF6B6A74716}.Release|Any CPU.Build.0 = Release|Any CPU
		{B23A310A-1A1F-4276-AAA1-979AC568DB71}.Debug|Any CPU.ActiveCfg = Debug|Any CPU
		{B23A310A-1A1F-4276-AAA1-979AC568DB71}.Debug|Any CPU.Build.0 = Debug|Any CPU
		{B23A310A-1A1F-4276-AAA1-979AC568DB71}.Release|Any CPU.ActiveCfg = Release|Any CPU
		{B23A310A-1A1F-4276-AAA1-979AC568DB71}.Release|Any CPU.Build.0 = Release|Any CPU
		{97D7A494-3057-4473-95E0-B2D7CA11CF62}.Debug|Any CPU.ActiveCfg = Debug|Any CPU
		{97D7A494-3057-4473-95E0-B2D7CA11CF62}.Debug|Any CPU.Build.0 = Debug|Any CPU
		{97D7A494-3057-4473-95E0-B2D7CA11CF62}.Release|Any CPU.ActiveCfg = Release|Any CPU
		{97D7A494-3057-4473-95E0-B2D7CA11CF62}.Release|Any CPU.Build.0 = Release|Any CPU
		{574E28EC-2883-4964-B385-505440C91468}.Debug|Any CPU.ActiveCfg = Debug|Any CPU
		{574E28EC-2883-4964-B385-505440C91468}.Debug|Any CPU.Build.0 = Debug|Any CPU
		{574E28EC-2883-4964-B385-505440C91468}.Release|Any CPU.ActiveCfg = Release|Any CPU
		{574E28EC-2883-4964-B385-505440C91468}.Release|Any CPU.Build.0 = Release|Any CPU
		{CE716526-15E6-4A83-B8F6-92D861F34970}.Debug|Any CPU.ActiveCfg = Debug|Any CPU
		{CE716526-15E6-4A83-B8F6-92D861F34970}.Debug|Any CPU.Build.0 = Debug|Any CPU
		{CE716526-15E6-4A83-B8F6-92D861F34970}.Release|Any CPU.ActiveCfg = Release|Any CPU
		{CE716526-15E6-4A83-B8F6-92D861F34970}.Release|Any CPU.Build.0 = Release|Any CPU
		{BD24A604-CD29-4FA7-AAA0-117EB3E9DF6C}.Debug|Any CPU.ActiveCfg = Debug|Any CPU
		{BD24A604-CD29-4FA7-AAA0-117EB3E9DF6C}.Debug|Any CPU.Build.0 = Debug|Any CPU
		{BD24A604-CD29-4FA7-AAA0-117EB3E9DF6C}.Release|Any CPU.ActiveCfg = Release|Any CPU
		{BD24A604-CD29-4FA7-AAA0-117EB3E9DF6C}.Release|Any CPU.Build.0 = Release|Any CPU
	EndGlobalSection
	GlobalSection(SolutionProperties) = preSolution
		HideSolutionNode = FALSE
	EndGlobalSection
	GlobalSection(ExtensibilityGlobals) = postSolution
		SolutionGuid = {36A777C7-9B0F-416C-A7F5-C291C84D3133}
	EndGlobalSection
EndGlobal
